
Microsoft Visual Studio Solution File, Format Version 12.00
# Visual Studio Version 17
VisualStudioVersion = 17.4.33205.214
MinimumVisualStudioVersion = 10.0.40219.1
Project("{FAE04EC0-301F-11D3-BF4B-00C04F79EFBC}") = "ProgettoCinema", "ProgettoCinema\ProgettoCinema.csproj", "{3041E7CD-E5E9-4D30-AC40-231C6F70A4EC}"
EndProject
Global
	GlobalSection(SolutionConfigurationPlatforms) = preSolution
		Debug|Any CPU = Debug|Any CPU
		Release|Any CPU = Release|Any CPU
	EndGlobalSection
	GlobalSection(ProjectConfigurationPlatforms) = postSolution
		{3041E7CD-E5E9-4D30-AC40-231C6F70A4EC}.Debug|Any CPU.ActiveCfg = Debug|Any CPU
		{3041E7CD-E5E9-4D30-AC40-231C6F70A4EC}.Debug|Any CPU.Build.0 = Debug|Any CPU
		{3041E7CD-E5E9-4D30-AC40-231C6F70A4EC}.Release|Any CPU.ActiveCfg = Release|Any CPU
		{3041E7CD-E5E9-4D30-AC40-231C6F70A4EC}.Release|Any CPU.Build.0 = Release|Any CPU
	EndGlobalSection
	GlobalSection(SolutionProperties) = preSolution
		HideSolutionNode = FALSE
	EndGlobalSection
	GlobalSection(ExtensibilityGlobals) = postSolution
		SolutionGuid = {23C9CE1E-884B-4F6F-8CBF-A4F7BBD02C6D}
	EndGlobalSection
EndGlobal
